schema: '2.0'
stages:
  ingest:
    cmd: python src/ingestion.py
    deps:
    - path: src/ingestion.py
      hash: md5
      md5: e4cb795451f6663dc17d41c0fdb5421b
      size: 1782
    outs:
    - path: data/raw/gossipcop_combined.csv
      hash: md5
      md5: f874a6bf0c8e5dbd22b14006a709c742
      size: 1704993
  preprocess:
    cmd: python src/preprocessing.py
    deps:
    - path: data/raw/gossipcop_combined.csv
      hash: md5
      md5: f874a6bf0c8e5dbd22b14006a709c742
      size: 1704993
    - path: src/preprocessing.py
      hash: md5
      md5: f8779b92a31fdde3d2b6a9a49019d825
      size: 994
    outs:
    - path: data/processed/gossipcop_cleaned.csv
      hash: md5
      md5: 5d6ebb23ece1e19cdbaf4c4f5b81184c
      size: 1659135
